
Microsoft Visual Studio Solution File, Format Version 12.00
# Visual Studio Version 16
VisualStudioVersion = 16.0.30717.126
MinimumVisualStudioVersion = 10.0.40219.1
Project("{FAE04EC0-301F-11D3-BF4B-00C04F79EFBC}") = "WorkerService.Worker", "WorkerService.Worker\WorkerService.Worker.csproj", "{5D870511-8CE5-45C9-8BD7-7B707087667F}"
EndProject
Project("{FAE04EC0-301F-11D3-BF4B-00C04F79EFBC}") = "WorkerService.Infrastructure", "WorkerService.Infrastructure\WorkerService.Infrastructure.csproj", "{01627E2F-246E-4D78-8E57-2A22F51B4901}"
EndProject
Project("{FAE04EC0-301F-11D3-BF4B-00C04F79EFBC}") = "WorkerService.Core", "WorkerService.Core\WorkerService.Core.csproj", "{F5A3894D-AA1B-4730-953D-DB79B5263F3F}"
EndProject
Global
	GlobalSection(SolutionConfigurationPlatforms) = preSolution
		Debug|Any CPU = Debug|Any CPU
		Release|Any CPU = Release|Any CPU
	EndGlobalSection
	GlobalSection(ProjectConfigurationPlatforms) = postSolution
		{5D870511-8CE5-45C9-8BD7-7B707087667F}.Debug|Any CPU.ActiveCfg = Debug|Any CPU
		{5D870511-8CE5-45C9-8BD7-7B707087667F}.Debug|Any CPU.Build.0 = Debug|Any CPU
		{5D870511-8CE5-45C9-8BD7-7B707087667F}.Release|Any CPU.ActiveCfg = Release|Any CPU
		{5D870511-8CE5-45C9-8BD7-7B707087667F}.Release|Any CPU.Build.0 = Release|Any CPU
		{01627E2F-246E-4D78-8E57-2A22F51B4901}.Debug|Any CPU.ActiveCfg = Debug|Any CPU
		{01627E2F-246E-4D78-8E57-2A22F51B4901}.Debug|Any CPU.Build.0 = Debug|Any CPU
		{01627E2F-246E-4D78-8E57-2A22F51B4901}.Release|Any CPU.ActiveCfg = Release|Any CPU
		{01627E2F-246E-4D78-8E57-2A22F51B4901}.Release|Any CPU.Build.0 = Release|Any CPU
		{F5A3894D-AA1B-4730-953D-DB79B5263F3F}.Debug|Any CPU.ActiveCfg = Debug|Any CPU
		{F5A3894D-AA1B-4730-953D-DB79B5263F3F}.Debug|Any CPU.Build.0 = Debug|Any CPU
		{F5A3894D-AA1B-4730-953D-DB79B5263F3F}.Release|Any CPU.ActiveCfg = Release|Any CPU
		{F5A3894D-AA1B-4730-953D-DB79B5263F3F}.Release|Any CPU.Build.0 = Release|Any CPU
	EndGlobalSection
	GlobalSection(SolutionProperties) = preSolution
		HideSolutionNode = FALSE
	EndGlobalSection
	GlobalSection(ExtensibilityGlobals) = postSolution
		SolutionGuid = {C543CB01-0092-4E5E-83CE-DF90493BD0C2}
	EndGlobalSection
EndGlobal
